
Microsoft Visual Studio Solution File, Format Version 12.00
# Visual Studio 2015
Project("{FAE04EC0-301F-11D3-BF4B-00C04F79EFBC}") = "Unity2D.CSharp", "Unity2D.CSharp.csproj", "{D35B4540-2CAE-E32C-A511-3B4D4EB9F3CD}"
EndProject
Project("{FAE04EC0-301F-11D3-BF4B-00C04F79EFBC}") = "Unity2D.CSharp.Editor", "Unity2D.CSharp.Editor.csproj", "{3534F561-E0EF-A7BB-1790-F954D973361E}"
EndProject
Global
	GlobalSection(SolutionConfigurationPlatforms) = preSolution
		Debug|Any CPU = Debug|Any CPU
		Release|Any CPU = Release|Any CPU
	EndGlobalSection
	GlobalSection(ProjectConfigurationPlatforms) = postSolution
		{D35B4540-2CAE-E32C-A511-3B4D4EB9F3CD}.Debug|Any CPU.ActiveCfg = Debug|Any CPU
		{D35B4540-2CAE-E32C-A511-3B4D4EB9F3CD}.Debug|Any CPU.Build.0 = Debug|Any CPU
		{D35B4540-2CAE-E32C-A511-3B4D4EB9F3CD}.Release|Any CPU.ActiveCfg = Release|Any CPU
		{D35B4540-2CAE-E32C-A511-3B4D4EB9F3CD}.Release|Any CPU.Build.0 = Release|Any CPU
		{3534F561-E0EF-A7BB-1790-F954D973361E}.Debug|Any CPU.ActiveCfg = Debug|Any CPU
		{3534F561-E0EF-A7BB-1790-F954D973361E}.Debug|Any CPU.Build.0 = Debug|Any CPU
		{3534F561-E0EF-A7BB-1790-F954D973361E}.Release|Any CPU.ActiveCfg = Release|Any CPU
		{3534F561-E0EF-A7BB-1790-F954D973361E}.Release|Any CPU.Build.0 = Release|Any CPU
	EndGlobalSection
	GlobalSection(SolutionProperties) = preSolution
		HideSolutionNode = FALSE
	EndGlobalSection
EndGlobal
